
Microsoft Visual Studio Solution File, Format Version 12.00
# Visual Studio 15
VisualStudioVersion = 15.0.27703.2018
MinimumVisualStudioVersion = 10.0.40219.1
Project("{FAE04EC0-301F-11D3-BF4B-00C04F79EFBC}") = "HW9", "HW9\HW9.csproj", "{577B2A7C-7EC9-457E-BA50-62CCC7F952A8}"
EndProject
Global
	GlobalSection(SolutionConfigurationPlatforms) = preSolution
		Debug|Any CPU = Debug|Any CPU
		Release|Any CPU = Release|Any CPU
	EndGlobalSection
	GlobalSection(ProjectConfigurationPlatforms) = postSolution
		{577B2A7C-7EC9-457E-BA50-62CCC7F952A8}.Debug|Any CPU.ActiveCfg = Debug|Any CPU
		{577B2A7C-7EC9-457E-BA50-62CCC7F952A8}.Debug|Any CPU.Build.0 = Debug|Any CPU
		{577B2A7C-7EC9-457E-BA50-62CCC7F952A8}.Release|Any CPU.ActiveCfg = Release|Any CPU
		{577B2A7C-7EC9-457E-BA50-62CCC7F952A8}.Release|Any CPU.Build.0 = Release|Any CPU
	EndGlobalSection
	GlobalSection(SolutionProperties) = preSolution
		HideSolutionNode = FALSE
	EndGlobalSection
	GlobalSection(ExtensibilityGlobals) = postSolution
		SolutionGuid = {6DB9786A-E499-44A7-B0AA-3201C58EC78E}
	EndGlobalSection
EndGlobal
